
Microsoft Visual Studio Solution File, Format Version 12.00
# Visual Studio Version 17
VisualStudioVersion = 17.6.33829.357
MinimumVisualStudioVersion = 10.0.40219.1
Project("{FAE04EC0-301F-11D3-BF4B-00C04F79EFBC}") = "Presentacion", "Presentacion\Presentacion.csproj", "{B56EE6C0-C8B0-4C7F-AEE3-5B7043336BE1}"
EndProject
Project("{FAE04EC0-301F-11D3-BF4B-00C04F79EFBC}") = "Logica", "Logica\Logica.csproj", "{B6EC0551-C751-47C3-8AD9-D8EE8803FBBB}"
EndProject
Project("{FAE04EC0-301F-11D3-BF4B-00C04F79EFBC}") = "Datos", "Datos\Datos.csproj", "{A3E847D5-6AE5-4DE6-98C0-EF26C8F3CC6B}"
EndProject
Global
	GlobalSection(SolutionConfigurationPlatforms) = preSolution
		Debug|Any CPU = Debug|Any CPU
		Release|Any CPU = Release|Any CPU
	EndGlobalSection
	GlobalSection(ProjectConfigurationPlatforms) = postSolution
		{B56EE6C0-C8B0-4C7F-AEE3-5B7043336BE1}.Debug|Any CPU.ActiveCfg = Debug|Any CPU
		{B56EE6C0-C8B0-4C7F-AEE3-5B7043336BE1}.Debug|Any CPU.Build.0 = Debug|Any CPU
		{B56EE6C0-C8B0-4C7F-AEE3-5B7043336BE1}.Release|Any CPU.ActiveCfg = Release|Any CPU
		{B56EE6C0-C8B0-4C7F-AEE3-5B7043336BE1}.Release|Any CPU.Build.0 = Release|Any CPU
		{B6EC0551-C751-47C3-8AD9-D8EE8803FBBB}.Debug|Any CPU.ActiveCfg = Debug|Any CPU
		{B6EC0551-C751-47C3-8AD9-D8EE8803FBBB}.Debug|Any CPU.Build.0 = Debug|Any CPU
		{B6EC0551-C751-47C3-8AD9-D8EE8803FBBB}.Release|Any CPU.ActiveCfg = Release|Any CPU
		{B6EC0551-C751-47C3-8AD9-D8EE8803FBBB}.Release|Any CPU.Build.0 = Release|Any CPU
		{A3E847D5-6AE5-4DE6-98C0-EF26C8F3CC6B}.Debug|Any CPU.ActiveCfg = Debug|Any CPU
		{A3E847D5-6AE5-4DE6-98C0-EF26C8F3CC6B}.Debug|Any CPU.Build.0 = Debug|Any CPU
		{A3E847D5-6AE5-4DE6-98C0-EF26C8F3CC6B}.Release|Any CPU.ActiveCfg = Release|Any CPU
		{A3E847D5-6AE5-4DE6-98C0-EF26C8F3CC6B}.Release|Any CPU.Build.0 = Release|Any CPU
	EndGlobalSection
	GlobalSection(SolutionProperties) = preSolution
		HideSolutionNode = FALSE
	EndGlobalSection
	GlobalSection(ExtensibilityGlobals) = postSolution
		SolutionGuid = {C7F819EA-CD86-44B1-A732-B34DCB83D26D}
	EndGlobalSection
EndGlobal
